
Microsoft Visual Studio Solution File, Format Version 12.00
# Visual Studio 15
Project("{FAE04EC0-301F-11D3-BF4B-00C04F79EFBC}") = "Unity.Timeline", "Unity.Timeline.csproj", "{7DA90C77-DC07-897A-A97A-3AEB7D7F6B08}"
EndProject
Project("{FAE04EC0-301F-11D3-BF4B-00C04F79EFBC}") = "Unity.Timeline.Editor", "Unity.Timeline.Editor.csproj", "{896BB1D5-39D4-E0BF-9F47-B0A12A834ADC}"
EndProject
Project("{FAE04EC0-301F-11D3-BF4B-00C04F79EFBC}") = "Unity.TextMeshPro.Editor", "Unity.TextMeshPro.Editor.csproj", "{0B502C13-564B-7E49-19CB-DFD4B430277A}"
EndProject
Project("{FAE04EC0-301F-11D3-BF4B-00C04F79EFBC}") = "Unity.2D.Aseprite.Editor", "Unity.2D.Aseprite.Editor.csproj", "{E033F45A-380D-531F-7E46-3359DA6F0A10}"
EndProject
Project("{FAE04EC0-301F-11D3-BF4B-00C04F79EFBC}") = "Unity.VisualScripting.Flow", "Unity.VisualScripting.Flow.csproj", "{AF27A970-B14E-6CD7-0920-977DF1E4A7EF}"
EndProject
Project("{FAE04EC0-301F-11D3-BF4B-00C04F79EFBC}") = "Unity.PlasticSCM.Editor", "Unity.PlasticSCM.Editor.csproj", "{1408E168-C789-7D1A-7FEE-DD0D6584FB12}"
EndProject
Project("{FAE04EC0-301F-11D3-BF4B-00C04F79EFBC}") = "Unity.2D.Psdimporter.Editor", "Unity.2D.Psdimporter.Editor.csproj", "{58779832-F96A-F56F-AF19-28AE71D6D3BB}"
EndProject
Project("{FAE04EC0-301F-11D3-BF4B-00C04F79EFBC}") = "Unity.InputSystem", "Unity.InputSystem.csproj", "{2633059C-15FC-089F-D1FE-5DA949A9F3BE}"
EndProject
Project("{FAE04EC0-301F-11D3-BF4B-00C04F79EFBC}") = "Unity.VisualScripting.Core", "Unity.VisualScripting.Core.csproj", "{D1992095-184D-8E24-52B5-72C5369A43FF}"
EndProject
Project("{FAE04EC0-301F-11D3-BF4B-00C04F79EFBC}") = "Unity.Mathematics", "Unity.Mathematics.csproj", "{E53E376E-24CB-1EF3-9B39-0FB580936206}"
EndProject
Project("{FAE04EC0-301F-11D3-BF4B-00C04F79EFBC}") = "Unity.2D.Animation.Editor", "Unity.2D.Animation.Editor.csproj", "{F2F95AE4-E3C7-37D4-607D-3C57575EBF7A}"
EndProject
Project("{FAE04EC0-301F-11D3-BF4B-00C04F79EFBC}") = "Unity.2D.Common.Path.Editor", "Unity.2D.Common.Path.Editor.csproj", "{13CB80C2-90A1-D3E2-7C15-020A112E96E4}"
EndProject
Project("{FAE04EC0-301F-11D3-BF4B-00C04F79EFBC}") = "Unity.VisualScripting.Core.Editor", "Unity.VisualScripting.Core.Editor.csproj", "{9DD137B9-64D4-79F9-44E1-048046B96023}"
EndProject
Project("{FAE04EC0-301F-11D3-BF4B-00C04F79EFBC}") = "Unity.2D.IK.Runtime", "Unity.2D.IK.Runtime.csproj", "{145830BC-7904-759E-E720-F98EADFA8890}"
EndProject
Project("{FAE04EC0-301F-11D3-BF4B-00C04F79EFBC}") = "Unity.VisualScripting.Flow.Editor", "Unity.VisualScripting.Flow.Editor.csproj", "{BC377463-F866-BE9C-C08E-D34A105E55CA}"
EndProject
Project("{FAE04EC0-301F-11D3-BF4B-00C04F79EFBC}") = "UnityEditor.TestRunner", "UnityEditor.TestRunner.csproj", "{6EBED6AF-9287-364A-A4ED-D90772A99E11}"
EndProject
Project("{FAE04EC0-301F-11D3-BF4B-00C04F79EFBC}") = "Unity.VisualScripting.SettingsProvider.Editor", "Unity.VisualScripting.SettingsProvider.Editor.csproj", "{10F8A16E-1733-BB53-34F1-064028CDC0D0}"
EndProject
Project("{FAE04EC0-301F-11D3-BF4B-00C04F79EFBC}") = "UnityEngine.TestRunner", "UnityEngine.TestRunner.csproj", "{0609CC7C-B9DE-99C3-93AB-7543F93B5ADA}"
EndProject
Project("{FAE04EC0-301F-11D3-BF4B-00C04F79EFBC}") = "PsdPlugin", "PsdPlugin.csproj", "{C0CD7233-1A32-A0AE-CBBA-17B71CA5D418}"
EndProject
Project("{FAE04EC0-301F-11D3-BF4B-00C04F79EFBC}") = "Unity.Burst", "Unity.Burst.csproj", "{E2D97752-B24D-AD60-5480-6EFC25012C45}"
EndProject
Project("{FAE04EC0-301F-11D3-BF4B-00C04F79EFBC}") = "Unity.Collections", "Unity.Collections.csproj", "{914FF610-5058-0FB8-4930-D1D7DC697213}"
EndProject
Project("{FAE04EC0-301F-11D3-BF4B-00C04F79EFBC}") = "Unity.2D.SpriteShape.Editor", "Unity.2D.SpriteShape.Editor.csproj", "{C0AA08B8-E99F-3FDA-BAD1-F09DEAF0FDFD}"
EndProject
Project("{FAE04EC0-301F-11D3-BF4B-00C04F79EFBC}") = "Unity.VisualStudio.Editor", "Unity.VisualStudio.Editor.csproj", "{BBEDC834-B372-E083-F8DA-D73846482192}"
EndProject
Project("{FAE04EC0-301F-11D3-BF4B-00C04F79EFBC}") = "Unity.2D.Tilemap.Extras.Editor", "Unity.2D.Tilemap.Extras.Editor.csproj", "{6EC28BC8-BA55-90B3-59EF-09AC51274174}"
EndProject
Project("{FAE04EC0-301F-11D3-BF4B-00C04F79EFBC}") = "Unity.Rider.Editor", "Unity.Rider.Editor.csproj", "{69722AC8-8D46-29EA-0E39-53A9FD95FCF9}"
EndProject
Project("{FAE04EC0-301F-11D3-BF4B-00C04F79EFBC}") = "Unity.InternalAPIEditorBridge.001", "Unity.InternalAPIEditorBridge.001.csproj", "{7288A86B-F41B-515C-D93C-B8C92FC99B82}"
EndProject
Project("{FAE04EC0-301F-11D3-BF4B-00C04F79EFBC}") = "Unity.2D.SpriteShape.Runtime", "Unity.2D.SpriteShape.Runtime.csproj", "{9515EC2F-8131-D2A0-C511-50242A31E039}"
EndProject
Project("{FAE04EC0-301F-11D3-BF4B-00C04F79EFBC}") = "Unity.VisualScripting.State.Editor", "Unity.VisualScripting.State.Editor.csproj", "{4C014ED1-7CDE-AC69-7BB8-6C0A2BDEB950}"
EndProject
Project("{FAE04EC0-301F-11D3-BF4B-00C04F79EFBC}") = "Unity.2D.Animation.Runtime", "Unity.2D.Animation.Runtime.csproj", "{9C266D35-78C1-55FD-E0A9-3C3838DFB143}"
EndProject
Project("{FAE04EC0-301F-11D3-BF4B-00C04F79EFBC}") = "Unity.Burst.CodeGen", "Unity.Burst.CodeGen.csproj", "{1A43F1A5-04DB-F58E-2AD8-66D15772E0F6}"
EndProject
Project("{FAE04EC0-301F-11D3-BF4B-00C04F79EFBC}") = "Unity.2D.Tilemap.Extras", "Unity.2D.Tilemap.Extras.csproj", "{1CBDD25A-9814-BAF4-6DDF-0BA3C9718918}"
EndProject
Project("{FAE04EC0-301F-11D3-BF4B-00C04F79EFBC}") = "Unity.VisualScripting.State", "Unity.VisualScripting.State.csproj", "{C0D380FF-A647-5671-70B0-7F6AB2CB5B5E}"
EndProject
Project("{FAE04EC0-301F-11D3-BF4B-00C04F79EFBC}") = "Unity.TextMeshPro", "Unity.TextMeshPro.csproj", "{A2E7A07D-8046-949C-8146-69E16A329CF7}"
EndProject
Project("{FAE04EC0-301F-11D3-BF4B-00C04F79EFBC}") = "Unity.2D.Aseprite.Common", "Unity.2D.Aseprite.Common.csproj", "{ABF5A888-82D6-FC7F-0C0D-E6602F5BF803}"
EndProject
Project("{FAE04EC0-301F-11D3-BF4B-00C04F79EFBC}") = "Unity.2D.IK.Editor", "Unity.2D.IK.Editor.csproj", "{F341E132-DE72-D754-4EFE-7349093AC3C7}"
EndProject
Project("{FAE04EC0-301F-11D3-BF4B-00C04F79EFBC}") = "Unity.InternalAPIEngineBridge.001", "Unity.InternalAPIEngineBridge.001.csproj", "{CCC18852-E709-A2C3-78A9-3AD330A34392}"
EndProject
Project("{FAE04EC0-301F-11D3-BF4B-00C04F79EFBC}") = "Unity.Burst.Editor", "Unity.Burst.Editor.csproj", "{2AA7E1E6-4AD3-D73F-110B-C28CAF9588BE}"
EndProject
Project("{FAE04EC0-301F-11D3-BF4B-00C04F79EFBC}") = "Unity.2D.Common.Editor", "Unity.2D.Common.Editor.csproj", "{AB6A95D5-D944-E0DF-9577-CA8A0FA3F0F3}"
EndProject
Project("{FAE04EC0-301F-11D3-BF4B-00C04F79EFBC}") = "Assembly-CSharp", "Assembly-CSharp.csproj", "{0838A8C5-3FCE-5B03-D3D3-292AD21EEBF2}"
EndProject
Project("{FAE04EC0-301F-11D3-BF4B-00C04F79EFBC}") = "Unity.2D.PixelPerfect", "Unity.2D.PixelPerfect.csproj", "{B3EFE0EF-91B3-04BF-1902-7ABEDD198DDD}"
EndProject
Project("{FAE04EC0-301F-11D3-BF4B-00C04F79EFBC}") = "Unity.2D.PixelPerfect.Editor", "Unity.2D.PixelPerfect.Editor.csproj", "{C0D138D4-7AB2-83F7-DFC2-5F0008F08CBB}"
EndProject
Project("{FAE04EC0-301F-11D3-BF4B-00C04F79EFBC}") = "Unity.2D.Common.Runtime", "Unity.2D.Common.Runtime.csproj", "{D49AAFA3-2D14-FACB-C7C0-ED5CD50D5C95}"
EndProject
Project("{FAE04EC0-301F-11D3-BF4B-00C04F79EFBC}") = "Unity.InputSystem.ForUI", "Unity.InputSystem.ForUI.csproj", "{9DF86F5D-5430-1A85-AA75-E4BE0D42F615}"
EndProject
Project("{FAE04EC0-301F-11D3-BF4B-00C04F79EFBC}") = "Unity.Mathematics.Editor", "Unity.Mathematics.Editor.csproj", "{3DBDDC6C-5C35-08CE-901B-AB393E6CD244}"
EndProject
Project("{FAE04EC0-301F-11D3-BF4B-00C04F79EFBC}") = "Unity.InputSystem.TestFramework", "Unity.InputSystem.TestFramework.csproj", "{44AB5011-DC30-C7BF-0F04-DDC787B3E4F3}"
EndProject
Project("{FAE04EC0-301F-11D3-BF4B-00C04F79EFBC}") = "Unity.Collections.BurstCompatibilityGen", "Unity.Collections.BurstCompatibilityGen.csproj", "{34162FCF-F72C-EAFA-4201-C12A1D39BF86}"
EndProject
Project("{FAE04EC0-301F-11D3-BF4B-00C04F79EFBC}") = "Unity.InternalAPIEditorBridge.005", "Unity.InternalAPIEditorBridge.005.csproj", "{BD5C9618-6316-3DC7-C084-31CBFF1D86C8}"
EndProject
Project("{FAE04EC0-301F-11D3-BF4B-00C04F79EFBC}") = "Unity.VisualScripting.Shared.Editor", "Unity.VisualScripting.Shared.Editor.csproj", "{6CF065F8-1F72-852A-F5C7-432DCD8A500B}"
EndProject
Project("{FAE04EC0-301F-11D3-BF4B-00C04F79EFBC}") = "Unity.Collections.DocCodeSamples", "Unity.Collections.DocCodeSamples.csproj", "{3445138D-B14D-F8AF-90F5-0AF83A94E7DA}"
EndProject
Project("{FAE04EC0-301F-11D3-BF4B-00C04F79EFBC}") = "Unity.CollabProxy.Editor", "Unity.CollabProxy.Editor.csproj", "{22A1BB6A-E7C0-7847-9C19-69DE1DBC5D1E}"
EndProject
Global
	GlobalSection(SolutionConfigurationPlatforms) = preSolution
		Debug|Any CPU = Debug|Any CPU
		Release|Any CPU = Release|Any CPU
	EndGlobalSection
	GlobalSection(ProjectConfigurationPlatforms) = postSolution
		{7DA90C77-DC07-897A-A97A-3AEB7D7F6B08}.Debug|Any CPU.ActiveCfg = Debug|Any CPU
		{7DA90C77-DC07-897A-A97A-3AEB7D7F6B08}.Debug|Any CPU.Build.0 = Debug|Any CPU
		{7DA90C77-DC07-897A-A97A-3AEB7D7F6B08}.Release|Any CPU.ActiveCfg = Release|Any CPU
		{7DA90C77-DC07-897A-A97A-3AEB7D7F6B08}.Release|Any CPU.Build.0 = Release|Any CPU
		{896BB1D5-39D4-E0BF-9F47-B0A12A834ADC}.Debug|Any CPU.ActiveCfg = Debug|Any CPU
		{896BB1D5-39D4-E0BF-9F47-B0A12A834ADC}.Debug|Any CPU.Build.0 = Debug|Any CPU
		{896BB1D5-39D4-E0BF-9F47-B0A12A834ADC}.Release|Any CPU.ActiveCfg = Release|Any CPU
		{896BB1D5-39D4-E0BF-9F47-B0A12A834ADC}.Release|Any CPU.Build.0 = Release|Any CPU
		{0B502C13-564B-7E49-19CB-DFD4B430277A}.Debug|Any CPU.ActiveCfg = Debug|Any CPU
		{0B502C13-564B-7E49-19CB-DFD4B430277A}.Debug|Any CPU.Build.0 = Debug|Any CPU
		{0B502C13-564B-7E49-19CB-DFD4B430277A}.Release|Any CPU.ActiveCfg = Release|Any CPU
		{0B502C13-564B-7E49-19CB-DFD4B430277A}.Release|Any CPU.Build.0 = Release|Any CPU
		{E033F45A-380D-531F-7E46-3359DA6F0A10}.Debug|Any CPU.ActiveCfg = Debug|Any CPU
		{E033F45A-380D-531F-7E46-3359DA6F0A10}.Debug|Any CPU.Build.0 = Debug|Any CPU
		{E033F45A-380D-531F-7E46-3359DA6F0A10}.Release|Any CPU.ActiveCfg = Release|Any CPU
		{E033F45A-380D-531F-7E46-3359DA6F0A10}.Release|Any CPU.Build.0 = Release|Any CPU
		{AF27A970-B14E-6CD7-0920-977DF1E4A7EF}.Debug|Any CPU.ActiveCfg = Debug|Any CPU
		{AF27A970-B14E-6CD7-0920-977DF1E4A7EF}.Debug|Any CPU.Build.0 = Debug|Any CPU
		{AF27A970-B14E-6CD7-0920-977DF1E4A7EF}.Release|Any CPU.ActiveCfg = Release|Any CPU
		{AF27A970-B14E-6CD7-0920-977DF1E4A7EF}.Release|Any CPU.Build.0 = Release|Any CPU
		{1408E168-C789-7D1A-7FEE-DD0D6584FB12}.Debug|Any CPU.ActiveCfg = Debug|Any CPU
		{1408E168-C789-7D1A-7FEE-DD0D6584FB12}.Debug|Any CPU.Build.0 = Debug|Any CPU
		{1408E168-C789-7D1A-7FEE-DD0D6584FB12}.Release|Any CPU.ActiveCfg = Release|Any CPU
		{1408E168-C789-7D1A-7FEE-DD0D6584FB12}.Release|Any CPU.Build.0 = Release|Any CPU
		{58779832-F96A-F56F-AF19-28AE71D6D3BB}.Debug|Any CPU.ActiveCfg = Debug|Any CPU
		{58779832-F96A-F56F-AF19-28AE71D6D3BB}.Debug|Any CPU.Build.0 = Debug|Any CPU
		{58779832-F96A-F56F-AF19-28AE71D6D3BB}.Release|Any CPU.ActiveCfg = Release|Any CPU
		{58779832-F96A-F56F-AF19-28AE71D6D3BB}.Release|Any CPU.Build.0 = Release|Any CPU
		{2633059C-15FC-089F-D1FE-5DA949A9F3BE}.Debug|Any CPU.ActiveCfg = Debug|Any CPU
		{2633059C-15FC-089F-D1FE-5DA949A9F3BE}.Debug|Any CPU.Build.0 = Debug|Any CPU
		{2633059C-15FC-089F-D1FE-5DA949A9F3BE}.Release|Any CPU.ActiveCfg = Release|Any CPU
		{2633059C-15FC-089F-D1FE-5DA949A9F3BE}.Release|Any CPU.Build.0 = Release|Any CPU
		{D1992095-184D-8E24-52B5-72C5369A43FF}.Debug|Any CPU.ActiveCfg = Debug|Any CPU
		{D1992095-184D-8E24-52B5-72C5369A43FF}.Debug|Any CPU.Build.0 = Debug|Any CPU
		{D1992095-184D-8E24-52B5-72C5369A43FF}.Release|Any CPU.ActiveCfg = Release|Any CPU
		{D1992095-184D-8E24-52B5-72C5369A43FF}.Release|Any CPU.Build.0 = Release|Any CPU
		{E53E376E-24CB-1EF3-9B39-0FB580936206}.Debug|Any CPU.ActiveCfg = Debug|Any CPU
		{E53E376E-24CB-1EF3-9B39-0FB580936206}.Debug|Any CPU.Build.0 = Debug|Any CPU
		{E53E376E-24CB-1EF3-9B39-0FB580936206}.Release|Any CPU.ActiveCfg = Release|Any CPU
		{E53E376E-24CB-1EF3-9B39-0FB580936206}.Release|Any CPU.Build.0 = Release|Any CPU
		{F2F95AE4-E3C7-37D4-607D-3C57575EBF7A}.Debug|Any CPU.ActiveCfg = Debug|Any CPU
		{F2F95AE4-E3C7-37D4-607D-3C57575EBF7A}.Debug|Any CPU.Build.0 = Debug|Any CPU
		{F2F95AE4-E3C7-37D4-607D-3C57575EBF7A}.Release|Any CPU.ActiveCfg = Release|Any CPU
		{F2F95AE4-E3C7-37D4-607D-3C57575EBF7A}.Release|Any CPU.Build.0 = Release|Any CPU
		{13CB80C2-90A1-D3E2-7C15-020A112E96E4}.Debug|Any CPU.ActiveCfg = Debug|Any CPU
		{13CB80C2-90A1-D3E2-7C15-020A112E96E4}.Debug|Any CPU.Build.0 = Debug|Any CPU
		{13CB80C2-90A1-D3E2-7C15-020A112E96E4}.Release|Any CPU.ActiveCfg = Release|Any CPU
		{13CB80C2-90A1-D3E2-7C15-020A112E96E4}.Release|Any CPU.Build.0 = Release|Any CPU
		{9DD137B9-64D4-79F9-44E1-048046B96023}.Debug|Any CPU.ActiveCfg = Debug|Any CPU
		{9DD137B9-64D4-79F9-44E1-048046B96023}.Debug|Any CPU.Build.0 = Debug|Any CPU
		{9DD137B9-64D4-79F9-44E1-048046B96023}.Release|Any CPU.ActiveCfg = Release|Any CPU
		{9DD137B9-64D4-79F9-44E1-048046B96023}.Release|Any CPU.Build.0 = Release|Any CPU
		{145830BC-7904-759E-E720-F98EADFA8890}.Debug|Any CPU.ActiveCfg = Debug|Any CPU
		{145830BC-7904-759E-E720-F98EADFA8890}.Debug|Any CPU.Build.0 = Debug|Any CPU
		{145830BC-7904-759E-E720-F98EADFA8890}.Release|Any CPU.ActiveCfg = Release|Any CPU
		{145830BC-7904-759E-E720-F98EADFA8890}.Release|Any CPU.Build.0 = Release|Any CPU
		{BC377463-F866-BE9C-C08E-D34A105E55CA}.Debug|Any CPU.ActiveCfg = Debug|Any CPU
		{BC377463-F866-BE9C-C08E-D34A105E55CA}.Debug|Any CPU.Build.0 = Debug|Any CPU
		{BC377463-F866-BE9C-C08E-D34A105E55CA}.Release|Any CPU.ActiveCfg = Release|Any CPU
		{BC377463-F866-BE9C-C08E-D34A105E55CA}.Release|Any CPU.Build.0 = Release|Any CPU
		{6EBED6AF-9287-364A-A4ED-D90772A99E11}.Debug|Any CPU.ActiveCfg = Debug|Any CPU
		{6EBED6AF-9287-364A-A4ED-D90772A99E11}.Debug|Any CPU.Build.0 = Debug|Any CPU
		{6EBED6AF-9287-364A-A4ED-D90772A99E11}.Release|Any CPU.ActiveCfg = Release|Any CPU
		{6EBED6AF-9287-364A-A4ED-D90772A99E11}.Release|Any CPU.Build.0 = Release|Any CPU
		{10F8A16E-1733-BB53-34F1-064028CDC0D0}.Debug|Any CPU.ActiveCfg = Debug|Any CPU
		{10F8A16E-1733-BB53-34F1-064028CDC0D0}.Debug|Any CPU.Build.0 = Debug|Any CPU
		{10F8A16E-1733-BB53-34F1-064028CDC0D0}.Release|Any CPU.ActiveCfg = Release|Any CPU
		{10F8A16E-1733-BB53-34F1-064028CDC0D0}.Release|Any CPU.Build.0 = Release|Any CPU
		{0609CC7C-B9DE-99C3-93AB-7543F93B5ADA}.Debug|Any CPU.ActiveCfg = Debug|Any CPU
		{0609CC7C-B9DE-99C3-93AB-7543F93B5ADA}.Debug|Any CPU.Build.0 = Debug|Any CPU
		{0609CC7C-B9DE-99C3-93AB-7543F93B5ADA}.Release|Any CPU.ActiveCfg = Release|Any CPU
		{0609CC7C-B9DE-99C3-93AB-7543F93B5ADA}.Release|Any CPU.Build.0 = Release|Any CPU
		{C0CD7233-1A32-A0AE-CBBA-17B71CA5D418}.Debug|Any CPU.ActiveCfg = Debug|Any CPU
		{C0CD7233-1A32-A0AE-CBBA-17B71CA5D418}.Debug|Any CPU.Build.0 = Debug|Any CPU
		{C0CD7233-1A32-A0AE-CBBA-17B71CA5D418}.Release|Any CPU.ActiveCfg = Release|Any CPU
		{C0CD7233-1A32-A0AE-CBBA-17B71CA5D418}.Release|Any CPU.Build.0 = Release|Any CPU
		{E2D97752-B24D-AD60-5480-6EFC25012C45}.Debug|Any CPU.ActiveCfg = Debug|Any CPU
		{E2D97752-B24D-AD60-5480-6EFC25012C45}.Debug|Any CPU.Build.0 = Debug|Any CPU
		{E2D97752-B24D-AD60-5480-6EFC25012C45}.Release|Any CPU.ActiveCfg = Release|Any CPU
		{E2D97752-B24D-AD60-5480-6EFC25012C45}.Release|Any CPU.Build.0 = Release|Any CPU
		{914FF610-5058-0FB8-4930-D1D7DC697213}.Debug|Any CPU.ActiveCfg = Debug|Any CPU
		{914FF610-5058-0FB8-4930-D1D7DC697213}.Debug|Any CPU.Build.0 = Debug|Any CPU
		{914FF610-5058-0FB8-4930-D1D7DC697213}.Release|Any CPU.ActiveCfg = Release|Any CPU
		{914FF610-5058-0FB8-4930-D1D7DC697213}.Release|Any CPU.Build.0 = Release|Any CPU
		{C0AA08B8-E99F-3FDA-BAD1-F09DEAF0FDFD}.Debug|Any CPU.ActiveCfg = Debug|Any CPU
		{C0AA08B8-E99F-3FDA-BAD1-F09DEAF0FDFD}.Debug|Any CPU.Build.0 = Debug|Any CPU
		{C0AA08B8-E99F-3FDA-BAD1-F09DEAF0FDFD}.Release|Any CPU.ActiveCfg = Release|Any CPU
		{C0AA08B8-E99F-3FDA-BAD1-F09DEAF0FDFD}.Release|Any CPU.Build.0 = Release|Any CPU
		{BBEDC834-B372-E083-F8DA-D73846482192}.Debug|Any CPU.ActiveCfg = Debug|Any CPU
		{BBEDC834-B372-E083-F8DA-D73846482192}.Debug|Any CPU.Build.0 = Debug|Any CPU
		{BBEDC834-B372-E083-F8DA-D73846482192}.Release|Any CPU.ActiveCfg = Release|Any CPU
		{BBEDC834-B372-E083-F8DA-D73846482192}.Release|Any CPU.Build.0 = Release|Any CPU
		{6EC28BC8-BA55-90B3-59EF-09AC51274174}.Debug|Any CPU.ActiveCfg = Debug|Any CPU
		{6EC28BC8-BA55-90B3-59EF-09AC51274174}.Debug|Any CPU.Build.0 = Debug|Any CPU
		{6EC28BC8-BA55-90B3-59EF-09AC51274174}.Release|Any CPU.ActiveCfg = Release|Any CPU
		{6EC28BC8-BA55-90B3-59EF-09AC51274174}.Release|Any CPU.Build.0 = Release|Any CPU
		{69722AC8-8D46-29EA-0E39-53A9FD95FCF9}.Debug|Any CPU.ActiveCfg = Debug|Any CPU
		{69722AC8-8D46-29EA-0E39-53A9FD95FCF9}.Debug|Any CPU.Build.0 = Debug|Any CPU
		{69722AC8-8D46-29EA-0E39-53A9FD95FCF9}.Release|Any CPU.ActiveCfg = Release|Any CPU
		{69722AC8-8D46-29EA-0E39-53A9FD95FCF9}.Release|Any CPU.Build.0 = Release|Any CPU
		{7288A86B-F41B-515C-D93C-B8C92FC99B82}.Debug|Any CPU.ActiveCfg = Debug|Any CPU
		{7288A86B-F41B-515C-D93C-B8C92FC99B82}.Debug|Any CPU.Build.0 = Debug|Any CPU
		{7288A86B-F41B-515C-D93C-B8C92FC99B82}.Release|Any CPU.ActiveCfg = Release|Any CPU
		{7288A86B-F41B-515C-D93C-B8C92FC99B82}.Release|Any CPU.Build.0 = Release|Any CPU
		{9515EC2F-8131-D2A0-C511-50242A31E039}.Debug|Any CPU.ActiveCfg = Debug|Any CPU
		{9515EC2F-8131-D2A0-C511-50242A31E039}.Debug|Any CPU.Build.0 = Debug|Any CPU
		{9515EC2F-8131-D2A0-C511-50242A31E039}.Release|Any CPU.ActiveCfg = Release|Any CPU
		{9515EC2F-8131-D2A0-C511-50242A31E039}.Release|Any CPU.Build.0 = Release|Any CPU
		{4C014ED1-7CDE-AC69-7BB8-6C0A2BDEB950}.Debug|Any CPU.ActiveCfg = Debug|Any CPU
		{4C014ED1-7CDE-AC69-7BB8-6C0A2BDEB950}.Debug|Any CPU.Build.0 = Debug|Any CPU
		{4C014ED1-7CDE-AC69-7BB8-6C0A2BDEB950}.Release|Any CPU.ActiveCfg = Release|Any CPU
		{4C014ED1-7CDE-AC69-7BB8-6C0A2BDEB950}.Release|Any CPU.Build.0 = Release|Any CPU
		{9C266D35-78C1-55FD-E0A9-3C3838DFB143}.Debug|Any CPU.ActiveCfg = Debug|Any CPU
		{9C266D35-78C1-55FD-E0A9-3C3838DFB143}.Debug|Any CPU.Build.0 = Debug|Any CPU
		{9C266D35-78C1-55FD-E0A9-3C3838DFB143}.Release|Any CPU.ActiveCfg = Release|Any CPU
		{9C266D35-78C1-55FD-E0A9-3C3838DFB143}.Release|Any CPU.Build.0 = Release|Any CPU
		{1A43F1A5-04DB-F58E-2AD8-66D15772E0F6}.Debug|Any CPU.ActiveCfg = Debug|Any CPU
		{1A43F1A5-04DB-F58E-2AD8-66D15772E0F6}.Debug|Any CPU.Build.0 = Debug|Any CPU
		{1A43F1A5-04DB-F58E-2AD8-66D15772E0F6}.Release|Any CPU.ActiveCfg = Release|Any CPU
		{1A43F1A5-04DB-F58E-2AD8-66D15772E0F6}.Release|Any CPU.Build.0 = Release|Any CPU
		{1CBDD25A-9814-BAF4-6DDF-0BA3C9718918}.Debug|Any CPU.ActiveCfg = Debug|Any CPU
		{1CBDD25A-9814-BAF4-6DDF-0BA3C9718918}.Debug|Any CPU.Build.0 = Debug|Any CPU
		{1CBDD25A-9814-BAF4-6DDF-0BA3C9718918}.Release|Any CPU.ActiveCfg = Release|Any CPU
		{1CBDD25A-9814-BAF4-6DDF-0BA3C9718918}.Release|Any CPU.Build.0 = Release|Any CPU
		{C0D380FF-A647-5671-70B0-7F6AB2CB5B5E}.Debug|Any CPU.ActiveCfg = Debug|Any CPU
		{C0D380FF-A647-5671-70B0-7F6AB2CB5B5E}.Debug|Any CPU.Build.0 = Debug|Any CPU
		{C0D380FF-A647-5671-70B0-7F6AB2CB5B5E}.Release|Any CPU.ActiveCfg = Release|Any CPU
		{C0D380FF-A647-5671-70B0-7F6AB2CB5B5E}.Release|Any CPU.Build.0 = Release|Any CPU
		{A2E7A07D-8046-949C-8146-69E16A329CF7}.Debug|Any CPU.ActiveCfg = Debug|Any CPU
		{A2E7A07D-8046-949C-8146-69E16A329CF7}.Debug|Any CPU.Build.0 = Debug|Any CPU
		{A2E7A07D-8046-949C-8146-69E16A329CF7}.Release|Any CPU.ActiveCfg = Release|Any CPU
		{A2E7A07D-8046-949C-8146-69E16A329CF7}.Release|Any CPU.Build.0 = Release|Any CPU
		{ABF5A888-82D6-FC7F-0C0D-E6602F5BF803}.Debug|Any CPU.ActiveCfg = Debug|Any CPU
		{ABF5A888-82D6-FC7F-0C0D-E6602F5BF803}.Debug|Any CPU.Build.0 = Debug|Any CPU
		{ABF5A888-82D6-FC7F-0C0D-E6602F5BF803}.Release|Any CPU.ActiveCfg = Release|Any CPU
		{ABF5A888-82D6-FC7F-0C0D-E6602F5BF803}.Release|Any CPU.Build.0 = Release|Any CPU
		{F341E132-DE72-D754-4EFE-7349093AC3C7}.Debug|Any CPU.ActiveCfg = Debug|Any CPU
		{F341E132-DE72-D754-4EFE-7349093AC3C7}.Debug|Any CPU.Build.0 = Debug|Any CPU
		{F341E132-DE72-D754-4EFE-7349093AC3C7}.Release|Any CPU.ActiveCfg = Release|Any CPU
		{F341E132-DE72-D754-4EFE-7349093AC3C7}.Release|Any CPU.Build.0 = Release|Any CPU
		{CCC18852-E709-A2C3-78A9-3AD330A34392}.Debug|Any CPU.ActiveCfg = Debug|Any CPU
		{CCC18852-E709-A2C3-78A9-3AD330A34392}.Debug|Any CPU.Build.0 = Debug|Any CPU
		{CCC18852-E709-A2C3-78A9-3AD330A34392}.Release|Any CPU.ActiveCfg = Release|Any CPU
		{CCC18852-E709-A2C3-78A9-3AD330A34392}.Release|Any CPU.Build.0 = Release|Any CPU
		{2AA7E1E6-4AD3-D73F-110B-C28CAF9588BE}.Debug|Any CPU.ActiveCfg = Debug|Any CPU
		{2AA7E1E6-4AD3-D73F-110B-C28CAF9588BE}.Debug|Any CPU.Build.0 = Debug|Any CPU
		{2AA7E1E6-4AD3-D73F-110B-C28CAF9588BE}.Release|Any CPU.ActiveCfg = Release|Any CPU
		{2AA7E1E6-4AD3-D73F-110B-C28CAF9588BE}.Release|Any CPU.Build.0 = Release|Any CPU
		{AB6A95D5-D944-E0DF-9577-CA8A0FA3F0F3}.Debug|Any CPU.ActiveCfg = Debug|Any CPU
		{AB6A95D5-D944-E0DF-9577-CA8A0FA3F0F3}.Debug|Any CPU.Build.0 = Debug|Any CPU
		{AB6A95D5-D944-E0DF-9577-CA8A0FA3F0F3}.Release|Any CPU.ActiveCfg = Release|Any CPU
		{AB6A95D5-D944-E0DF-9577-CA8A0FA3F0F3}.Release|Any CPU.Build.0 = Release|Any CPU
		{0838A8C5-3FCE-5B03-D3D3-292AD21EEBF2}.Debug|Any CPU.ActiveCfg = Debug|Any CPU
		{0838A8C5-3FCE-5B03-D3D3-292AD21EEBF2}.Debug|Any CPU.Build.0 = Debug|Any CPU
		{0838A8C5-3FCE-5B03-D3D3-292AD21EEBF2}.Release|Any CPU.ActiveCfg = Release|Any CPU
		{0838A8C5-3FCE-5B03-D3D3-292AD21EEBF2}.Release|Any CPU.Build.0 = Release|Any CPU
		{B3EFE0EF-91B3-04BF-1902-7ABEDD198DDD}.Debug|Any CPU.ActiveCfg = Debug|Any CPU
		{B3EFE0EF-91B3-04BF-1902-7ABEDD198DDD}.Debug|Any CPU.Build.0 = Debug|Any CPU
		{B3EFE0EF-91B3-04BF-1902-7ABEDD198DDD}.Release|Any CPU.ActiveCfg = Release|Any CPU
		{B3EFE0EF-91B3-04BF-1902-7ABEDD198DDD}.Release|Any CPU.Build.0 = Release|Any CPU
		{C0D138D4-7AB2-83F7-DFC2-5F0008F08CBB}.Debug|Any CPU.ActiveCfg = Debug|Any CPU
		{C0D138D4-7AB2-83F7-DFC2-5F0008F08CBB}.Debug|Any CPU.Build.0 = Debug|Any CPU
		{C0D138D4-7AB2-83F7-DFC2-5F0008F08CBB}.Release|Any CPU.ActiveCfg = Release|Any CPU
		{C0D138D4-7AB2-83F7-DFC2-5F0008F08CBB}.Release|Any CPU.Build.0 = Release|Any CPU
		{D49AAFA3-2D14-FACB-C7C0-ED5CD50D5C95}.Debug|Any CPU.ActiveCfg = Debug|Any CPU
		{D49AAFA3-2D14-FACB-C7C0-ED5CD50D5C95}.Debug|Any CPU.Build.0 = Debug|Any CPU
		{D49AAFA3-2D14-FACB-C7C0-ED5CD50D5C95}.Release|Any CPU.ActiveCfg = Release|Any CPU
		{D49AAFA3-2D14-FACB-C7C0-ED5CD50D5C95}.Release|Any CPU.Build.0 = Release|Any CPU
		{9DF86F5D-5430-1A85-AA75-E4BE0D42F615}.Debug|Any CPU.ActiveCfg = Debug|Any CPU
		{9DF86F5D-5430-1A85-AA75-E4BE0D42F615}.Debug|Any CPU.Build.0 = Debug|Any CPU
		{9DF86F5D-5430-1A85-AA75-E4BE0D42F615}.Release|Any CPU.ActiveCfg = Release|Any CPU
		{9DF86F5D-5430-1A85-AA75-E4BE0D42F615}.Release|Any CPU.Build.0 = Release|Any CPU
		{3DBDDC6C-5C35-08CE-901B-AB393E6CD244}.Debug|Any CPU.ActiveCfg = Debug|Any CPU
		{3DBDDC6C-5C35-08CE-901B-AB393E6CD244}.Debug|Any CPU.Build.0 = Debug|Any CPU
		{3DBDDC6C-5C35-08CE-901B-AB393E6CD244}.Release|Any CPU.ActiveCfg = Release|Any CPU
		{3DBDDC6C-5C35-08CE-901B-AB393E6CD244}.Release|Any CPU.Build.0 = Release|Any CPU
		{44AB5011-DC30-C7BF-0F04-DDC787B3E4F3}.Debug|Any CPU.ActiveCfg = Debug|Any CPU
		{44AB5011-DC30-C7BF-0F04-DDC787B3E4F3}.Debug|Any CPU.Build.0 = Debug|Any CPU
		{44AB5011-DC30-C7BF-0F04-DDC787B3E4F3}.Release|Any CPU.ActiveCfg = Release|Any CPU
		{44AB5011-DC30-C7BF-0F04-DDC787B3E4F3}.Release|Any CPU.Build.0 = Release|Any CPU
		{34162FCF-F72C-EAFA-4201-C12A1D39BF86}.Debug|Any CPU.ActiveCfg = Debug|Any CPU
		{34162FCF-F72C-EAFA-4201-C12A1D39BF86}.Debug|Any CPU.Build.0 = Debug|Any CPU
		{34162FCF-F72C-EAFA-4201-C12A1D39BF86}.Release|Any CPU.ActiveCfg = Release|Any CPU
		{34162FCF-F72C-EAFA-4201-C12A1D39BF86}.Release|Any CPU.Build.0 = Release|Any CPU
		{BD5C9618-6316-3DC7-C084-31CBFF1D86C8}.Debug|Any CPU.ActiveCfg = Debug|Any CPU
		{BD5C9618-6316-3DC7-C084-31CBFF1D86C8}.Debug|Any CPU.Build.0 = Debug|Any CPU
		{BD5C9618-6316-3DC7-C084-31CBFF1D86C8}.Release|Any CPU.ActiveCfg = Release|Any CPU
		{BD5C9618-6316-3DC7-C084-31CBFF1D86C8}.Release|Any CPU.Build.0 = Release|Any CPU
		{6CF065F8-1F72-852A-F5C7-432DCD8A500B}.Debug|Any CPU.ActiveCfg = Debug|Any CPU
		{6CF065F8-1F72-852A-F5C7-432DCD8A500B}.Debug|Any CPU.Build.0 = Debug|Any CPU
		{6CF065F8-1F72-852A-F5C7-432DCD8A500B}.Release|Any CPU.ActiveCfg = Release|Any CPU
		{6CF065F8-1F72-852A-F5C7-432DCD8A500B}.Release|Any CPU.Build.0 = Release|Any CPU
		{3445138D-B14D-F8AF-90F5-0AF83A94E7DA}.Debug|Any CPU.ActiveCfg = Debug|Any CPU
		{3445138D-B14D-F8AF-90F5-0AF83A94E7DA}.Debug|Any CPU.Build.0 = Debug|Any CPU
		{3445138D-B14D-F8AF-90F5-0AF83A94E7DA}.Release|Any CPU.ActiveCfg = Release|Any CPU
		{3445138D-B14D-F8AF-90F5-0AF83A94E7DA}.Release|Any CPU.Build.0 = Release|Any CPU
		{22A1BB6A-E7C0-7847-9C19-69DE1DBC5D1E}.Debug|Any CPU.ActiveCfg = Debug|Any CPU
		{22A1BB6A-E7C0-7847-9C19-69DE1DBC5D1E}.Debug|Any CPU.Build.0 = Debug|Any CPU
		{22A1BB6A-E7C0-7847-9C19-69DE1DBC5D1E}.Release|Any CPU.ActiveCfg = Release|Any CPU
		{22A1BB6A-E7C0-7847-9C19-69DE1DBC5D1E}.Release|Any CPU.Build.0 = Release|Any CPU
	EndGlobalSection
	GlobalSection(SolutionProperties) = preSolution
		HideSolutionNode = FALSE
	EndGlobalSection
EndGlobal
