
Microsoft Visual Studio Solution File, Format Version 12.00
# Visual Studio 15
Project("{FAE04EC0-301F-11D3-BF4B-00C04F79EFBC}") = "AstarPathfindingProject", "AstarPathfindingProject.csproj", "{46B3A4A0-F15B-D53F-16DA-3DE9385126F1}"
EndProject
Project("{FAE04EC0-301F-11D3-BF4B-00C04F79EFBC}") = "Ink-Libraries", "Ink-Libraries.csproj", "{D59CFE23-BA46-149C-1B65-DE26D12BCA7C}"
EndProject
Project("{FAE04EC0-301F-11D3-BF4B-00C04F79EFBC}") = "AstarPathfindingProjectEditor", "AstarPathfindingProjectEditor.csproj", "{C5515781-9647-4C3F-9532-A816A4671C7B}"
EndProject
Project("{FAE04EC0-301F-11D3-BF4B-00C04F79EFBC}") = "Assembly-CSharp", "Assembly-CSharp.csproj", "{0838A8C5-3FCE-5B03-D3D3-292AD21EEBF2}"
EndProject
Project("{FAE04EC0-301F-11D3-BF4B-00C04F79EFBC}") = "InkEditor", "InkEditor.csproj", "{14113DEC-3526-933F-43A9-F74840013E77}"
EndProject
Project("{FAE04EC0-301F-11D3-BF4B-00C04F79EFBC}") = "Assembly-CSharp-Editor", "Assembly-CSharp-Editor.csproj", "{CE2054C0-3B79-24E5-A0B1-660E25717F05}"
EndProject
Project("{FAE04EC0-301F-11D3-BF4B-00C04F79EFBC}") = "PackageToolsEditor", "PackageToolsEditor.csproj", "{14C87670-A6B6-F6B1-EA47-4974FA961C3A}"
EndProject
Global
	GlobalSection(SolutionConfigurationPlatforms) = preSolution
		Debug|Any CPU = Debug|Any CPU
		Release|Any CPU = Release|Any CPU
	EndGlobalSection
	GlobalSection(ProjectConfigurationPlatforms) = postSolution
		{46B3A4A0-F15B-D53F-16DA-3DE9385126F1}.Debug|Any CPU.ActiveCfg = Debug|Any CPU
		{46B3A4A0-F15B-D53F-16DA-3DE9385126F1}.Debug|Any CPU.Build.0 = Debug|Any CPU
		{46B3A4A0-F15B-D53F-16DA-3DE9385126F1}.Release|Any CPU.ActiveCfg = Release|Any CPU
		{46B3A4A0-F15B-D53F-16DA-3DE9385126F1}.Release|Any CPU.Build.0 = Release|Any CPU
		{D59CFE23-BA46-149C-1B65-DE26D12BCA7C}.Debug|Any CPU.ActiveCfg = Debug|Any CPU
		{D59CFE23-BA46-149C-1B65-DE26D12BCA7C}.Debug|Any CPU.Build.0 = Debug|Any CPU
		{D59CFE23-BA46-149C-1B65-DE26D12BCA7C}.Release|Any CPU.ActiveCfg = Release|Any CPU
		{D59CFE23-BA46-149C-1B65-DE26D12BCA7C}.Release|Any CPU.Build.0 = Release|Any CPU
		{C5515781-9647-4C3F-9532-A816A4671C7B}.Debug|Any CPU.ActiveCfg = Debug|Any CPU
		{C5515781-9647-4C3F-9532-A816A4671C7B}.Debug|Any CPU.Build.0 = Debug|Any CPU
		{C5515781-9647-4C3F-9532-A816A4671C7B}.Release|Any CPU.ActiveCfg = Release|Any CPU
		{C5515781-9647-4C3F-9532-A816A4671C7B}.Release|Any CPU.Build.0 = Release|Any CPU
		{0838A8C5-3FCE-5B03-D3D3-292AD21EEBF2}.Debug|Any CPU.ActiveCfg = Debug|Any CPU
		{0838A8C5-3FCE-5B03-D3D3-292AD21EEBF2}.Debug|Any CPU.Build.0 = Debug|Any CPU
		{0838A8C5-3FCE-5B03-D3D3-292AD21EEBF2}.Release|Any CPU.ActiveCfg = Release|Any CPU
		{0838A8C5-3FCE-5B03-D3D3-292AD21EEBF2}.Release|Any CPU.Build.0 = Release|Any CPU
		{14113DEC-3526-933F-43A9-F74840013E77}.Debug|Any CPU.ActiveCfg = Debug|Any CPU
		{14113DEC-3526-933F-43A9-F74840013E77}.Debug|Any CPU.Build.0 = Debug|Any CPU
		{14113DEC-3526-933F-43A9-F74840013E77}.Release|Any CPU.ActiveCfg = Release|Any CPU
		{14113DEC-3526-933F-43A9-F74840013E77}.Release|Any CPU.Build.0 = Release|Any CPU
		{CE2054C0-3B79-24E5-A0B1-660E25717F05}.Debug|Any CPU.ActiveCfg = Debug|Any CPU
		{CE2054C0-3B79-24E5-A0B1-660E25717F05}.Debug|Any CPU.Build.0 = Debug|Any CPU
		{CE2054C0-3B79-24E5-A0B1-660E25717F05}.Release|Any CPU.ActiveCfg = Release|Any CPU
		{CE2054C0-3B79-24E5-A0B1-660E25717F05}.Release|Any CPU.Build.0 = Release|Any CPU
		{14C87670-A6B6-F6B1-EA47-4974FA961C3A}.Debug|Any CPU.ActiveCfg = Debug|Any CPU
		{14C87670-A6B6-F6B1-EA47-4974FA961C3A}.Debug|Any CPU.Build.0 = Debug|Any CPU
		{14C87670-A6B6-F6B1-EA47-4974FA961C3A}.Release|Any CPU.ActiveCfg = Release|Any CPU
		{14C87670-A6B6-F6B1-EA47-4974FA961C3A}.Release|Any CPU.Build.0 = Release|Any CPU
	EndGlobalSection
	GlobalSection(SolutionProperties) = preSolution
		HideSolutionNode = FALSE
	EndGlobalSection
EndGlobal
